// !$*UTF8*$!
{
	archiveVersion = 1;
	classes = {
	};
	objectVersion = 77;
	objects = {

/* Begin PBXBuildFile section */
		5061E348D1378120E11F8FFD /* SettingsView.swift in Sources */ = {isa = PBXBuildFile; fileRef = 8ADF408624AADD090F37A7A9 /* SettingsView.swift */; };
		B3A714BD15ADABE553FCA2E8 /* Assets.xcassets in Resources */ = {isa = PBXBuildFile; fileRef = 44404C0889AB1A509E0B85B3 /* Assets.xcassets */; };
		B7DFB51472837D9BA0FB9178 /* UsageService.swift in Sources */ = {isa = PBXBuildFile; fileRef = CBA5E0D7EFFAF3E0E4156100 /* UsageService.swift */; };
		D1095E817949DF425AB2316F /* CCUsageUIApp.swift in Sources */ = {isa = PBXBuildFile; fileRef = 485EB322374A19DDB6105DCC /* CCUsageUIApp.swift */; };
		EE4D7F518F5429A6A72BC83D /* MenuBarPopover.swift in Sources */ = {isa = PBXBuildFile; fileRef = 828724E652E72FD4826B63AA /* MenuBarPopover.swift */; };
/* End PBXBuildFile section */

/* Begin PBXFileReference section */
		29EFB588293D8230C484F6EE /* CCUsageUI.app */ = {isa = PBXFileReference; explicitFileType = wrapper.application; includeInIndex = 0; path = CCUsageUI.app; sourceTree = BUILT_PRODUCTS_DIR; };
		44404C0889AB1A509E0B85B3 /* Assets.xcassets */ = {isa = PBXFileReference; lastKnownFileType = folder.assetcatalog; path = Assets.xcassets; sourceTree = "<group>"; };
		485EB322374A19DDB6105DCC /* CCUsageUIApp.swift */ = {isa = PBXFileReference; lastKnownFileType = sourcecode.swift; path = CCUsageUIApp.swift; sourceTree = "<group>"; };
		828724E652E72FD4826B63AA /* MenuBarPopover.swift */ = {isa = PBXFileReference; lastKnownFileType = sourcecode.swift; path = MenuBarPopover.swift; sourceTree = "<group>"; };
		8ADF408624AADD090F37A7A9 /* SettingsView.swift */ = {isa = PBXFileReference; lastKnownFileType = sourcecode.swift; path = SettingsView.swift; sourceTree = "<group>"; };
		9365C72CF60A4938FF8C0870 /* Info.plist */ = {isa = PBXFileReference; lastKnownFileType = text.plist; path = Info.plist; sourceTree = "<group>"; };
		CBA5E0D7EFFAF3E0E4156100 /* UsageService.swift */ = {isa = PBXFileReference; lastKnownFileType = sourcecode.swift; path = UsageService.swift; sourceTree = "<group>"; };
		E47A29A72769B623369C77DC /* CCUsageUI.entitlements */ = {isa = PBXFileReference; lastKnownFileType = text.plist.entitlements; path = CCUsageUI.entitlements; sourceTree = "<group>"; };
/* End PBXFileReference section */

/* Begin PBXGroup section */
		1DBE8FC0F9A00E50654CD0D8 /* Products */ = {
			isa = PBXGroup;
			children = (
				29EFB588293D8230C484F6EE /* CCUsageUI.app */,
			);
			name = Products;
			sourceTree = "<group>";
		};
		CA08653CEB0C476EE1FE2153 = {
			isa = PBXGroup;
			children = (
				FD32910C969D9DCF5120EAA0 /* CCUsageUI */,
				1DBE8FC0F9A00E50654CD0D8 /* Products */,
			);
			sourceTree = "<group>";
		};
		FD32910C969D9DCF5120EAA0 /* CCUsageUI */ = {
			isa = PBXGroup;
			children = (
				44404C0889AB1A509E0B85B3 /* Assets.xcassets */,
				E47A29A72769B623369C77DC /* CCUsageUI.entitlements */,
				485EB322374A19DDB6105DCC /* CCUsageUIApp.swift */,
				9365C72CF60A4938FF8C0870 /* Info.plist */,
				828724E652E72FD4826B63AA /* MenuBarPopover.swift */,
				8ADF408624AADD090F37A7A9 /* SettingsView.swift */,
				CBA5E0D7EFFAF3E0E4156100 /* UsageService.swift */,
			);
			path = CCUsageUI;
			sourceTree = "<group>";
		};
/* End PBXGroup section */

/* Begin PBXNativeTarget section */
		7F93D2B4B3A00C6DDA4355FB /* CCUsageUI */ = {
			isa = PBXNativeTarget;
			buildConfigurationList = 5719ACFB0033521EFD2E0294 /* Build configuration list for PBXNativeTarget "CCUsageUI" */;
			buildPhases = (
				23664209A77DEE605233B171 /* Sources */,
				28A08F769A6FDB196D08CAF0 /* Resources */,
			);
			buildRules = (
			);
			dependencies = (
			);
			name = CCUsageUI;
			packageProductDependencies = (
			);
			productName = CCUsageUI;
			productReference = 29EFB588293D8230C484F6EE /* CCUsageUI.app */;
			productType = "com.apple.product-type.application";
		};
/* End PBXNativeTarget section */

/* Begin PBXProject section */
		AAE52EE43462DB6E9FD36617 /* Project object */ = {
			isa = PBXProject;
			attributes = {
				BuildIndependentTargetsInParallel = YES;
				LastUpgradeCheck = 1600;
				TargetAttributes = {
					7F93D2B4B3A00C6DDA4355FB = {
						ProvisioningStyle = Automatic;
					};
				};
			};
			buildConfigurationList = 878667B2C2B5649E219FB229 /* Build configuration list for PBXProject "CCUsageUI" */;
			compatibilityVersion = "Xcode 14.0";
			developmentRegion = en;
			hasScannedForEncodings = 0;
			knownRegions = (
				Base,
				en,
			);
			mainGroup = CA08653CEB0C476EE1FE2153;
			minimizedProjectReferenceProxies = 1;
			preferredProjectObjectVersion = 77;
			projectDirPath = "";
			projectRoot = "";
			targets = (
				7F93D2B4B3A00C6DDA4355FB /* CCUsageUI */,
			);
		};
/* End PBXProject section */

/* Begin PBXResourcesBuildPhase section */
		28A08F769A6FDB196D08CAF0 /* Resources */ = {
			isa = PBXResourcesBuildPhase;
			buildActionMask = 2147483647;
			files = (
				B3A714BD15ADABE553FCA2E8 /* Assets.xcassets in Resources */,
			);
			runOnlyForDeploymentPostprocessing = 0;
		};
/* End PBXResourcesBuildPhase section */

/* Begin PBXSourcesBuildPhase section */
		23664209A77DEE605233B171 /* Sources */ = {
			isa = PBXSourcesBuildPhase;
			buildActionMask = 2147483647;
			files = (
				D1095E817949DF425AB2316F /* CCUsageUIApp.swift in Sources */,
				EE4D7F518F5429A6A72BC83D /* MenuBarPopover.swift in Sources */,
				5061E348D1378120E11F8FFD /* SettingsView.swift in Sources */,
				B7DFB51472837D9BA0FB9178 /* UsageService.swift in Sources */,
			);
			runOnlyForDeploymentPostprocessing = 0;
		};
/* End PBXSourcesBuildPhase section */

/* Begin XCBuildConfiguration section */
		3C1A27353AE0EFC56468311C /* Debug */ = {
			isa = XCBuildConfiguration;
			buildSettings = {
				ALWAYS_SEARCH_USER_PATHS = NO;
				CLANG_ANALYZER_NONNULL = YES;
				CLANG_ANALYZER_NUMBER_OBJECT_CONVERSION = YES_AGGRESSIVE;
				CLANG_CXX_LANGUAGE_STANDARD = "gnu++14";
				CLANG_CXX_LIBRARY = "libc++";
				CLANG_ENABLE_MODULES = YES;
				CLANG_ENABLE_OBJC_ARC = YES;
				CLANG_ENABLE_OBJC_WEAK = YES;
				CLANG_WARN_BLOCK_CAPTURE_AUTORELEASING = YES;
				CLANG_WARN_BOOL_CONVERSION = YES;
				CLANG_WARN_COMMA = YES;
				CLANG_WARN_CONSTANT_CONVERSION = YES;
				CLANG_WARN_DEPRECATED_OBJC_IMPLEMENTATIONS = YES;
				CLANG_WARN_DIRECT_OBJC_ISA_USAGE = YES_ERROR;
				CLANG_WARN_DOCUMENTATION_COMMENTS = YES;
				CLANG_WARN_EMPTY_BODY = YES;
				CLANG_WARN_ENUM_CONVERSION = YES;
				CLANG_WARN_INFINITE_RECURSION = YES;
				CLANG_WARN_INT_CONVERSION = YES;
				CLANG_WARN_NON_LITERAL_NULL_CONVERSION = YES;
				CLANG_WARN_OBJC_IMPLICIT_RETAIN_SELF = YES;
				CLANG_WARN_OBJC_LITERAL_CONVERSION = YES;
				CLANG_WARN_OBJC_ROOT_CLASS = YES_ERROR;
				CLANG_WARN_QUOTED_INCLUDE_IN_FRAMEWORK_HEADER = YES;
				CLANG_WARN_RANGE_LOOP_ANALYSIS = YES;
				CLANG_WARN_STRICT_PROTOTYPES = YES;
				CLANG_WARN_SUSPICIOUS_MOVE = YES;
				CLANG_WARN_UNGUARDED_AVAILABILITY = YES_AGGRESSIVE;
				CLANG_WARN_UNREACHABLE_CODE = YES;
				CLANG_WARN__DUPLICATE_METHOD_MATCH = YES;
				COPY_PHASE_STRIP = NO;
				DEBUG_INFORMATION_FORMAT = dwarf;
				ENABLE_STRICT_OBJC_MSGSEND = YES;
				ENABLE_TESTABILITY = YES;
				GCC_C_LANGUAGE_STANDARD = gnu11;
				GCC_DYNAMIC_NO_PIC = NO;
				GCC_NO_COMMON_BLOCKS = YES;
				GCC_OPTIMIZATION_LEVEL = 0;
				GCC_PREPROCESSOR_DEFINITIONS = (
					"$(inherited)",
					"DEBUG=1",
				);
				GCC_WARN_64_TO_32_BIT_CONVERSION = YES;
				GCC_WARN_ABOUT_RETURN_TYPE = YES_ERROR;
				GCC_WARN_UNDECLARED_SELECTOR = YES;
				GCC_WARN_UNINITIALIZED_AUTOS = YES_AGGRESSIVE;
				GCC_WARN_UNUSED_FUNCTION = YES;
				GCC_WARN_UNUSED_VARIABLE = YES;
				MACOSX_DEPLOYMENT_TARGET = 14.0;
				MTL_ENABLE_DEBUG_INFO = INCLUDE_SOURCE;
				MTL_FAST_MATH = YES;
				ONLY_ACTIVE_ARCH = YES;
				PRODUCT_NAME = "$(TARGET_NAME)";
				SDKROOT = macosx;
				SWIFT_ACTIVE_COMPILATION_CONDITIONS = DEBUG;
				SWIFT_OPTIMIZATION_LEVEL = "-Onone";
				SWIFT_VERSION = 5.0;
			};
			name = Debug;
		};
		3DEB6D7D6F0BC722EC751068 /* Release */ = {
			isa = XCBuildConfiguration;
			buildSettings = {
				ASSETCATALOG_COMPILER_APPICON_NAME = AppIcon;
				CODE_SIGN_ENTITLEMENTS = CCUsageUI/CCUsageUI.entitlements;
				CODE_SIGN_STYLE = Automatic;
				COMBINE_HIDPI_IMAGES = YES;
				CURRENT_PROJECT_VERSION = 1;
				INFOPLIST_FILE = CCUsageUI/Info.plist;
				LD_RUNPATH_SEARCH_PATHS = (
					"$(inherited)",
					"@executable_path/../Frameworks",
				);
				MACOSX_DEPLOYMENT_TARGET = 14.0;
				MARKETING_VERSION = 1.0.0;
				PRODUCT_BUNDLE_IDENTIFIER = com.ccusageui.CCUsageUI;
				SDKROOT = macosx;
				SWIFT_VERSION = 5.9;
			};
			name = Release;
		};
		4447C62CD9D261919CA29BFF /* Release */ = {
			isa = XCBuildConfiguration;
			buildSettings = {
				ALWAYS_SEARCH_USER_PATHS = NO;
				CLANG_ANALYZER_NONNULL = YES;
				CLANG_ANALYZER_NUMBER_OBJECT_CONVERSION = YES_AGGRESSIVE;
				CLANG_CXX_LANGUAGE_STANDARD = "gnu++14";
				CLANG_CXX_LIBRARY = "libc++";
				CLANG_ENABLE_MODULES = YES;
				CLANG_ENABLE_OBJC_ARC = YES;
				CLANG_ENABLE_OBJC_WEAK = YES;
				CLANG_WARN_BLOCK_CAPTURE_AUTORELEASING = YES;
				CLANG_WARN_BOOL_CONVERSION = YES;
				CLANG_WARN_COMMA = YES;
				CLANG_WARN_CONSTANT_CONVERSION = YES;
				CLANG_WARN_DEPRECATED_OBJC_IMPLEMENTATIONS = YES;
				CLANG_WARN_DIRECT_OBJC_ISA_USAGE = YES_ERROR;
				CLANG_WARN_DOCUMENTATION_COMMENTS = YES;
				CLANG_WARN_EMPTY_BODY = YES;
				CLANG_WARN_ENUM_CONVERSION = YES;
				CLANG_WARN_INFINITE_RECURSION = YES;
				CLANG_WARN_INT_CONVERSION = YES;
				CLANG_WARN_NON_LITERAL_NULL_CONVERSION = YES;
				CLANG_WARN_OBJC_IMPLICIT_RETAIN_SELF = YES;
				CLANG_WARN_OBJC_LITERAL_CONVERSION = YES;
				CLANG_WARN_OBJC_ROOT_CLASS = YES_ERROR;
				CLANG_WARN_QUOTED_INCLUDE_IN_FRAMEWORK_HEADER = YES;
				CLANG_WARN_RANGE_LOOP_ANALYSIS = YES;
				CLANG_WARN_STRICT_PROTOTYPES = YES;
				CLANG_WARN_SUSPICIOUS_MOVE = YES;
				CLANG_WARN_UNGUARDED_AVAILABILITY = YES_AGGRESSIVE;
				CLANG_WARN_UNREACHABLE_CODE = YES;
				CLANG_WARN__DUPLICATE_METHOD_MATCH = YES;
				COPY_PHASE_STRIP = NO;
				DEBUG_INFORMATION_FORMAT = "dwarf-with-dsym";
				ENABLE_NS_ASSERTIONS = NO;
				ENABLE_STRICT_OBJC_MSGSEND = YES;
				GCC_C_LANGUAGE_STANDARD = gnu11;
				GCC_NO_COMMON_BLOCKS = YES;
				GCC_WARN_64_TO_32_BIT_CONVERSION = YES;
				GCC_WARN_ABOUT_RETURN_TYPE = YES_ERROR;
				GCC_WARN_UNDECLARED_SELECTOR = YES;
				GCC_WARN_UNINITIALIZED_AUTOS = YES_AGGRESSIVE;
				GCC_WARN_UNUSED_FUNCTION = YES;
				GCC_WARN_UNUSED_VARIABLE = YES;
				MACOSX_DEPLOYMENT_TARGET = 14.0;
				MTL_ENABLE_DEBUG_INFO = NO;
				MTL_FAST_MATH = YES;
				PRODUCT_NAME = "$(TARGET_NAME)";
				SDKROOT = macosx;
				SWIFT_COMPILATION_MODE = wholemodule;
				SWIFT_OPTIMIZATION_LEVEL = "-O";
				SWIFT_VERSION = 5.0;
			};
			name = Release;
		};
		A1516859E23711E84DB5F8A9 /* Debug */ = {
			isa = XCBuildConfiguration;
			buildSettings = {
				ASSETCATALOG_COMPILER_APPICON_NAME = AppIcon;
				CODE_SIGN_ENTITLEMENTS = CCUsageUI/CCUsageUI.entitlements;
				CODE_SIGN_STYLE = Automatic;
				COMBINE_HIDPI_IMAGES = YES;
				CURRENT_PROJECT_VERSION = 1;
				INFOPLIST_FILE = CCUsageUI/Info.plist;
				LD_RUNPATH_SEARCH_PATHS = (
					"$(inherited)",
					"@executable_path/../Frameworks",
				);
				MACOSX_DEPLOYMENT_TARGET = 14.0;
				MARKETING_VERSION = 1.0.0;
				PRODUCT_BUNDLE_IDENTIFIER = com.ccusageui.CCUsageUI;
				SDKROOT = macosx;
				SWIFT_VERSION = 5.9;
			};
			name = Debug;
		};
/* End XCBuildConfiguration section */

/* Begin XCConfigurationList section */
		5719ACFB0033521EFD2E0294 /* Build configuration list for PBXNativeTarget "CCUsageUI" */ = {
			isa = XCConfigurationList;
			buildConfigurations = (
				A1516859E23711E84DB5F8A9 /* Debug */,
				3DEB6D7D6F0BC722EC751068 /* Release */,
			);
			defaultConfigurationIsVisible = 0;
			defaultConfigurationName = Debug;
		};
		878667B2C2B5649E219FB229 /* Build configuration list for PBXProject "CCUsageUI" */ = {
			isa = XCConfigurationList;
			buildConfigurations = (
				3C1A27353AE0EFC56468311C /* Debug */,
				4447C62CD9D261919CA29BFF /* Release */,
			);
			defaultConfigurationIsVisible = 0;
			defaultConfigurationName = Debug;
		};
/* End XCConfigurationList section */
	};
	rootObject = AAE52EE43462DB6E9FD36617 /* Project object */;
}
